
Microsoft Visual Studio Solution File, Format Version 12.00
# Visual Studio Version 16
VisualStudioVersion = 16.0.29613.14
MinimumVisualStudioVersion = 10.0.40219.1
Project("{8BC9CEB8-8B4A-11D0-8D11-00A0C91BC942}") = "opensmith", "opensmith\Opensmith.vcxproj", "{4A9F3285-3BBB-4A5B-B865-9E93DF7A45C5}"
	ProjectSection(ProjectDependencies) = postProject
		{380B3B3E-6113-4A76-9626-952865E60053} = {380B3B3E-6113-4A76-9626-952865E60053}
		{8EE49A48-05EC-4D8A-BCF9-969BB3D1C4AB} = {8EE49A48-05EC-4D8A-BCF9-969BB3D1C4AB}
		{F76B4B5E-19F9-4D67-811E-1082CCDDF932} = {F76B4B5E-19F9-4D67-811E-1082CCDDF932}
		{AEAFF58B-AE7C-4077-8E84-B5483A1ADD0E} = {AEAFF58B-AE7C-4077-8E84-B5483A1ADD0E}
		{CABD94B0-F0B0-444C-86FB-9E409D9A71C5} = {CABD94B0-F0B0-444C-86FB-9E409D9A71C5}
	EndProjectSection
EndProject
Project("{8BC9CEB8-8B4A-11D0-8D11-00A0C91BC942}") = "PsarcReader", "PsarcReader\PsarcReader.vcxproj", "{380B3B3E-6113-4A76-9626-952865E60053}"
	ProjectSection(ProjectDependencies) = postProject
		{C2326F51-EA12-4B2D-8703-744FD5AF0B30} = {C2326F51-EA12-4B2D-8703-744FD5AF0B30}
	EndProjectSection
EndProject
Project("{8BC9CEB8-8B4A-11D0-8D11-00A0C91BC942}") = "Wem", "Wem\Wem.vcxproj", "{CABD94B0-F0B0-444C-86FB-9E409D9A71C5}"
	ProjectSection(ProjectDependencies) = postProject
		{380B3B3E-6113-4A76-9626-952865E60053} = {380B3B3E-6113-4A76-9626-952865E60053}
	EndProjectSection
EndProject
Project("{8BC9CEB8-8B4A-11D0-8D11-00A0C91BC942}") = "Rijndael", "Rijndael\Rijndael.vcxproj", "{C2326F51-EA12-4B2D-8703-744FD5AF0B30}"
EndProject
Project("{8BC9CEB8-8B4A-11D0-8D11-00A0C91BC942}") = "Tuner", "Tuner\Tuner.vcxproj", "{5573713F-FB54-4426-ABA5-C63E96F1863A}"
	ProjectSection(ProjectDependencies) = postProject
		{AEAFF58B-AE7C-4077-8E84-B5483A1ADD0E} = {AEAFF58B-AE7C-4077-8E84-B5483A1ADD0E}
	EndProjectSection
EndProject
Project("{8BC9CEB8-8B4A-11D0-8D11-00A0C91BC942}") = "Audio", "Audio\Audio.vcxproj", "{AEAFF58B-AE7C-4077-8E84-B5483A1ADD0E}"
	ProjectSection(ProjectDependencies) = postProject
		{8EE49A48-05EC-4D8A-BCF9-969BB3D1C4AB} = {8EE49A48-05EC-4D8A-BCF9-969BB3D1C4AB}
	EndProjectSection
EndProject
Project("{8BC9CEB8-8B4A-11D0-8D11-00A0C91BC942}") = "Settings", "Settings\Settings.vcxproj", "{8EE49A48-05EC-4D8A-BCF9-969BB3D1C4AB}"
EndProject
Project("{8BC9CEB8-8B4A-11D0-8D11-00A0C91BC942}") = "Setup", "Setup\Setup.vcxproj", "{6B3AC26A-DF86-401D-941C-90E989F04439}"
	ProjectSection(ProjectDependencies) = postProject
		{8EE49A48-05EC-4D8A-BCF9-969BB3D1C4AB} = {8EE49A48-05EC-4D8A-BCF9-969BB3D1C4AB}
		{AEAFF58B-AE7C-4077-8E84-B5483A1ADD0E} = {AEAFF58B-AE7C-4077-8E84-B5483A1ADD0E}
	EndProjectSection
EndProject
Project("{8BC9CEB8-8B4A-11D0-8D11-00A0C91BC942}") = "Test", "Test\Test.vcxproj", "{0D4EE007-8BAC-4D0F-97F3-2E82B0550149}"
	ProjectSection(ProjectDependencies) = postProject
		{F76B4B5E-19F9-4D67-811E-1082CCDDF932} = {F76B4B5E-19F9-4D67-811E-1082CCDDF932}
		{AEAFF58B-AE7C-4077-8E84-B5483A1ADD0E} = {AEAFF58B-AE7C-4077-8E84-B5483A1ADD0E}
		{CABD94B0-F0B0-444C-86FB-9E409D9A71C5} = {CABD94B0-F0B0-444C-86FB-9E409D9A71C5}
		{D1C528B6-AA02-4D29-9D61-DC08E317A70D} = {D1C528B6-AA02-4D29-9D61-DC08E317A70D}
	EndProjectSection
EndProject
Project("{8BC9CEB8-8B4A-11D0-8D11-00A0C91BC942}") = "tinyxml2", "tinyxml2\tinyxml2.vcxproj", "{D1C528B6-AA02-4D29-9D61-DC08E317A70D}"
EndProject
Project("{8BC9CEB8-8B4A-11D0-8D11-00A0C91BC942}") = "Vocals", "Vocals\Vocals.vcxproj", "{F76B4B5E-19F9-4D67-811E-1082CCDDF932}"
EndProject
Global
	GlobalSection(SolutionConfigurationPlatforms) = preSolution
		Debug|x64 = Debug|x64
		Debug|x86 = Debug|x86
		Release|x64 = Release|x64
		Release|x86 = Release|x86
	EndGlobalSection
	GlobalSection(ProjectConfigurationPlatforms) = postSolution
		{4A9F3285-3BBB-4A5B-B865-9E93DF7A45C5}.Debug|x64.ActiveCfg = Debug|x64
		{4A9F3285-3BBB-4A5B-B865-9E93DF7A45C5}.Debug|x64.Build.0 = Debug|x64
		{4A9F3285-3BBB-4A5B-B865-9E93DF7A45C5}.Debug|x86.ActiveCfg = Debug|Win32
		{4A9F3285-3BBB-4A5B-B865-9E93DF7A45C5}.Debug|x86.Build.0 = Debug|Win32
		{4A9F3285-3BBB-4A5B-B865-9E93DF7A45C5}.Release|x64.ActiveCfg = Release|x64
		{4A9F3285-3BBB-4A5B-B865-9E93DF7A45C5}.Release|x64.Build.0 = Release|x64
		{4A9F3285-3BBB-4A5B-B865-9E93DF7A45C5}.Release|x86.ActiveCfg = Release|Win32
		{4A9F3285-3BBB-4A5B-B865-9E93DF7A45C5}.Release|x86.Build.0 = Release|Win32
		{380B3B3E-6113-4A76-9626-952865E60053}.Debug|x64.ActiveCfg = Debug|x64
		{380B3B3E-6113-4A76-9626-952865E60053}.Debug|x64.Build.0 = Debug|x64
		{380B3B3E-6113-4A76-9626-952865E60053}.Debug|x86.ActiveCfg = Debug|Win32
		{380B3B3E-6113-4A76-9626-952865E60053}.Debug|x86.Build.0 = Debug|Win32
		{380B3B3E-6113-4A76-9626-952865E60053}.Release|x64.ActiveCfg = Release|x64
		{380B3B3E-6113-4A76-9626-952865E60053}.Release|x64.Build.0 = Release|x64
		{380B3B3E-6113-4A76-9626-952865E60053}.Release|x86.ActiveCfg = Release|Win32
		{380B3B3E-6113-4A76-9626-952865E60053}.Release|x86.Build.0 = Release|Win32
		{CABD94B0-F0B0-444C-86FB-9E409D9A71C5}.Debug|x64.ActiveCfg = Debug|x64
		{CABD94B0-F0B0-444C-86FB-9E409D9A71C5}.Debug|x64.Build.0 = Debug|x64
		{CABD94B0-F0B0-444C-86FB-9E409D9A71C5}.Debug|x86.ActiveCfg = Debug|Win32
		{CABD94B0-F0B0-444C-86FB-9E409D9A71C5}.Debug|x86.Build.0 = Debug|Win32
		{CABD94B0-F0B0-444C-86FB-9E409D9A71C5}.Release|x64.ActiveCfg = Release|x64
		{CABD94B0-F0B0-444C-86FB-9E409D9A71C5}.Release|x64.Build.0 = Release|x64
		{CABD94B0-F0B0-444C-86FB-9E409D9A71C5}.Release|x86.ActiveCfg = Release|Win32
		{CABD94B0-F0B0-444C-86FB-9E409D9A71C5}.Release|x86.Build.0 = Release|Win32
		{C2326F51-EA12-4B2D-8703-744FD5AF0B30}.Debug|x64.ActiveCfg = Debug|x64
		{C2326F51-EA12-4B2D-8703-744FD5AF0B30}.Debug|x64.Build.0 = Debug|x64
		{C2326F51-EA12-4B2D-8703-744FD5AF0B30}.Debug|x86.ActiveCfg = Debug|Win32
		{C2326F51-EA12-4B2D-8703-744FD5AF0B30}.Debug|x86.Build.0 = Debug|Win32
		{C2326F51-EA12-4B2D-8703-744FD5AF0B30}.Release|x64.ActiveCfg = Release|x64
		{C2326F51-EA12-4B2D-8703-744FD5AF0B30}.Release|x64.Build.0 = Release|x64
		{C2326F51-EA12-4B2D-8703-744FD5AF0B30}.Release|x86.ActiveCfg = Release|Win32
		{C2326F51-EA12-4B2D-8703-744FD5AF0B30}.Release|x86.Build.0 = Release|Win32
		{5573713F-FB54-4426-ABA5-C63E96F1863A}.Debug|x64.ActiveCfg = Debug|x64
		{5573713F-FB54-4426-ABA5-C63E96F1863A}.Debug|x64.Build.0 = Debug|x64
		{5573713F-FB54-4426-ABA5-C63E96F1863A}.Debug|x86.ActiveCfg = Debug|Win32
		{5573713F-FB54-4426-ABA5-C63E96F1863A}.Debug|x86.Build.0 = Debug|Win32
		{5573713F-FB54-4426-ABA5-C63E96F1863A}.Release|x64.ActiveCfg = Release|x64
		{5573713F-FB54-4426-ABA5-C63E96F1863A}.Release|x64.Build.0 = Release|x64
		{5573713F-FB54-4426-ABA5-C63E96F1863A}.Release|x86.ActiveCfg = Release|Win32
		{5573713F-FB54-4426-ABA5-C63E96F1863A}.Release|x86.Build.0 = Release|Win32
		{AEAFF58B-AE7C-4077-8E84-B5483A1ADD0E}.Debug|x64.ActiveCfg = Debug|x64
		{AEAFF58B-AE7C-4077-8E84-B5483A1ADD0E}.Debug|x64.Build.0 = Debug|x64
		{AEAFF58B-AE7C-4077-8E84-B5483A1ADD0E}.Debug|x86.ActiveCfg = Debug|Win32
		{AEAFF58B-AE7C-4077-8E84-B5483A1ADD0E}.Debug|x86.Build.0 = Debug|Win32
		{AEAFF58B-AE7C-4077-8E84-B5483A1ADD0E}.Release|x64.ActiveCfg = Release|x64
		{AEAFF58B-AE7C-4077-8E84-B5483A1ADD0E}.Release|x64.Build.0 = Release|x64
		{AEAFF58B-AE7C-4077-8E84-B5483A1ADD0E}.Release|x86.ActiveCfg = Release|Win32
		{AEAFF58B-AE7C-4077-8E84-B5483A1ADD0E}.Release|x86.Build.0 = Release|Win32
		{8EE49A48-05EC-4D8A-BCF9-969BB3D1C4AB}.Debug|x64.ActiveCfg = Debug|x64
		{8EE49A48-05EC-4D8A-BCF9-969BB3D1C4AB}.Debug|x64.Build.0 = Debug|x64
		{8EE49A48-05EC-4D8A-BCF9-969BB3D1C4AB}.Debug|x86.ActiveCfg = Debug|Win32
		{8EE49A48-05EC-4D8A-BCF9-969BB3D1C4AB}.Debug|x86.Build.0 = Debug|Win32
		{8EE49A48-05EC-4D8A-BCF9-969BB3D1C4AB}.Release|x64.ActiveCfg = Release|x64
		{8EE49A48-05EC-4D8A-BCF9-969BB3D1C4AB}.Release|x64.Build.0 = Release|x64
		{8EE49A48-05EC-4D8A-BCF9-969BB3D1C4AB}.Release|x86.ActiveCfg = Release|Win32
		{8EE49A48-05EC-4D8A-BCF9-969BB3D1C4AB}.Release|x86.Build.0 = Release|Win32
		{6B3AC26A-DF86-401D-941C-90E989F04439}.Debug|x64.ActiveCfg = Debug|x64
		{6B3AC26A-DF86-401D-941C-90E989F04439}.Debug|x64.Build.0 = Debug|x64
		{6B3AC26A-DF86-401D-941C-90E989F04439}.Debug|x86.ActiveCfg = Debug|Win32
		{6B3AC26A-DF86-401D-941C-90E989F04439}.Debug|x86.Build.0 = Debug|Win32
		{6B3AC26A-DF86-401D-941C-90E989F04439}.Release|x64.ActiveCfg = Release|x64
		{6B3AC26A-DF86-401D-941C-90E989F04439}.Release|x64.Build.0 = Release|x64
		{6B3AC26A-DF86-401D-941C-90E989F04439}.Release|x86.ActiveCfg = Release|Win32
		{6B3AC26A-DF86-401D-941C-90E989F04439}.Release|x86.Build.0 = Release|Win32
		{0D4EE007-8BAC-4D0F-97F3-2E82B0550149}.Debug|x64.ActiveCfg = Debug|x64
		{0D4EE007-8BAC-4D0F-97F3-2E82B0550149}.Debug|x64.Build.0 = Debug|x64
		{0D4EE007-8BAC-4D0F-97F3-2E82B0550149}.Debug|x86.ActiveCfg = Debug|Win32
		{0D4EE007-8BAC-4D0F-97F3-2E82B0550149}.Debug|x86.Build.0 = Debug|Win32
		{0D4EE007-8BAC-4D0F-97F3-2E82B0550149}.Release|x64.ActiveCfg = Release|x64
		{0D4EE007-8BAC-4D0F-97F3-2E82B0550149}.Release|x64.Build.0 = Release|x64
		{0D4EE007-8BAC-4D0F-97F3-2E82B0550149}.Release|x86.ActiveCfg = Release|Win32
		{0D4EE007-8BAC-4D0F-97F3-2E82B0550149}.Release|x86.Build.0 = Release|Win32
		{D1C528B6-AA02-4D29-9D61-DC08E317A70D}.Debug|x64.ActiveCfg = Debug|x64
		{D1C528B6-AA02-4D29-9D61-DC08E317A70D}.Debug|x64.Build.0 = Debug|x64
		{D1C528B6-AA02-4D29-9D61-DC08E317A70D}.Debug|x86.ActiveCfg = Debug|Win32
		{D1C528B6-AA02-4D29-9D61-DC08E317A70D}.Debug|x86.Build.0 = Debug|Win32
		{D1C528B6-AA02-4D29-9D61-DC08E317A70D}.Release|x64.ActiveCfg = Release|x64
		{D1C528B6-AA02-4D29-9D61-DC08E317A70D}.Release|x64.Build.0 = Release|x64
		{D1C528B6-AA02-4D29-9D61-DC08E317A70D}.Release|x86.ActiveCfg = Release|Win32
		{D1C528B6-AA02-4D29-9D61-DC08E317A70D}.Release|x86.Build.0 = Release|Win32
		{F76B4B5E-19F9-4D67-811E-1082CCDDF932}.Debug|x64.ActiveCfg = Debug|x64
		{F76B4B5E-19F9-4D67-811E-1082CCDDF932}.Debug|x64.Build.0 = Debug|x64
		{F76B4B5E-19F9-4D67-811E-1082CCDDF932}.Debug|x86.ActiveCfg = Debug|Win32
		{F76B4B5E-19F9-4D67-811E-1082CCDDF932}.Debug|x86.Build.0 = Debug|Win32
		{F76B4B5E-19F9-4D67-811E-1082CCDDF932}.Release|x64.ActiveCfg = Release|x64
		{F76B4B5E-19F9-4D67-811E-1082CCDDF932}.Release|x64.Build.0 = Release|x64
		{F76B4B5E-19F9-4D67-811E-1082CCDDF932}.Release|x86.ActiveCfg = Release|Win32
		{F76B4B5E-19F9-4D67-811E-1082CCDDF932}.Release|x86.Build.0 = Release|Win32
	EndGlobalSection
	GlobalSection(SolutionProperties) = preSolution
		HideSolutionNode = FALSE
	EndGlobalSection
	GlobalSection(ExtensibilityGlobals) = postSolution
		SolutionGuid = {052F0A5F-6A2C-41EF-8297-62B76FDFE281}
	EndGlobalSection
EndGlobal
