<?xml version="1.0" encoding="utf-8"?>
<Project ToolsVersion="4.0" xmlns="http://schemas.microsoft.com/developer/msbuild/2003">
  <ItemGroup>
    <ClCompile Include="Camera.cpp" />
    <ClCompile Include="Controller.cpp" />
    <ClCompile Include="main.cpp" />
    <ClCompile Include="Mesh.cpp" />
    <ClCompile Include="Model.cpp" />
    <ClCompile Include="Text2D.cpp" />
    <ClCompile Include="util.cpp" />
    <ClCompile Include="View.cpp" />
    <ClCompile Include="Hud.cpp" />
    <ClCompile Include="Sprite.cpp" />
    <ClCompile Include="GameState.cpp" />
    <ClCompile Include="Menu.cpp" />
    <ClCompile Include="Filesystem.cpp" />
    <ClCompile Include="Tuner.cpp" />
    <ClCompile Include="WaveDemo.cpp" />
    <ClCompile Include="Setup.cpp" />
    <ClCompile Include="Logger.cpp" />
    <ClCompile Include="Texture.cpp" />
  </ItemGroup>
  <ItemGroup>
    <ClInclude Include="Camera.h" />
    <ClInclude Include="Controller.h" />
    <ClInclude Include="Mesh.h" />
    <ClInclude Include="Model.h" />
    <ClInclude Include="Text2D.h" />
    <ClInclude Include="util.h" />
    <ClInclude Include="View.h" />
    <ClInclude Include="Hud.h" />
    <ClInclude Include="resource.h" />
    <ClInclude Include="Sprite.h" />
    <ClInclude Include="GameState.h" />
    <ClInclude Include="Menu.h" />
    <ClInclude Include="Filesystem.h" />
    <ClInclude Include="Tuner.h" />
    <ClInclude Include="WaveDemo.h" />
    <ClInclude Include="Setup.h" />
    <ClInclude Include="Logger.h" />
    <ClInclude Include="Texture.h" />
  </ItemGroup>
</Project>