<?xml version="1.0" encoding="utf-8"?>
<Project ToolsVersion="4.0" xmlns="http://schemas.microsoft.com/developer/msbuild/2003">
  <ItemGroup>
    <ClCompile Include="Camera.cpp" />
    <ClCompile Include="Controller.cpp" />
    <ClCompile Include="main.cpp" />
    <ClCompile Include="Mesh.cpp" />
    <ClCompile Include="Model.cpp" />
    <ClCompile Include="Text2D.cpp" />
    <ClCompile Include="util.cpp" />
    <ClCompile Include="View.cpp" />
    <ClCompile Include="Hud.cpp" />
    <ClCompile Include="Sprite.cpp" />
    <ClCompile Include="Filesystem.cpp" />
    <ClCompile Include="WaveDemo.cpp" />
    <ClCompile Include="Logger.cpp" />
    <ClCompile Include="Texture.cpp" />
    <ClCompile Include="GameStates\GameState.cpp" />
    <ClCompile Include="GameStates\Menu.cpp" />
    <ClCompile Include="GameStates\Session.cpp" />
    <ClCompile Include="GameStates\Tuner.cpp" />
    <ClCompile Include="GameStates\Setup.cpp" />
  </ItemGroup>
  <ItemGroup>
    <ClInclude Include="Camera.h" />
    <ClInclude Include="Controller.h" />
    <ClInclude Include="Mesh.h" />
    <ClInclude Include="Model.h" />
    <ClInclude Include="Text2D.h" />
    <ClInclude Include="util.h" />
    <ClInclude Include="View.h" />
    <ClInclude Include="Hud.h" />
    <ClInclude Include="resource.h" />
    <ClInclude Include="Sprite.h" />
    <ClInclude Include="Filesystem.h" />
    <ClInclude Include="WaveDemo.h" />
    <ClInclude Include="Logger.h" />
    <ClInclude Include="Texture.h" />
    <ClInclude Include="GameStates\GameState.h" />
    <ClInclude Include="GameStates\Menu.h" />
    <ClInclude Include="GameStates\Session.h" />
    <ClInclude Include="GameStates\Tuner.h" />
    <ClInclude Include="GameStates\Setup.h" />
  </ItemGroup>
</Project>